<?xml version="1.0" encoding="utf-8"?>
<Project ToolsVersion="4.0" xmlns="http://schemas.microsoft.com/developer/msbuild/2003">
  <ItemGroup>
    <Filter Include="Source Files">
      <UniqueIdentifier>{4FC737F1-C7A5-4376-A066-2A32D752A2FF}</UniqueIdentifier>
      <Extensions>cpp;c;cc;cxx;def;odl;idl;hpj;bat;asm;asmx</Extensions>
    </Filter>
    <Filter Include="Header Files">
      <UniqueIdentifier>{93995380-89BD-4b04-88EB-625FBE52EBFB}</UniqueIdentifier>
      <Extensions>h;hh;hpp;hxx;hm;inl;inc;xsd</Extensions>
    </Filter>
    <Filter Include="Resource Files">
      <UniqueIdentifier>{67DA6AB6-F800-4c08-8B7A-83BB121AAD01}</UniqueIdentifier>
      <Extensions>rc;ico;cur;bmp;dlg;rc2;rct;bin;rgs;gif;jpg;jpeg;jpe;resx;tiff;tif;png;wav;mfcribbon-ms</Extensions>
    </Filter>
    <Filter Include="Shaders">
      <UniqueIdentifier>{af115643-c827-4d12-a073-b6962dae3a6b}</UniqueIdentifier>
    </Filter>
    <Filter Include="Shaders\DeferredShaders">
      <UniqueIdentifier>{bc6a04c2-964b-480d-9f97-c1339d47cab1}</UniqueIdentifier>
    </Filter>
    <Filter Include="Shaders\lightingShaders">
      <UniqueIdentifier>{e6833d42-c05f-4731-bcfc-16e3b73e57b1}</UniqueIdentifier>
    </Filter>
    <Filter Include="Shaders\particleShaders">
      <UniqueIdentifier>{fdabcfd5-1891-42f8-a205-edb98f466af5}</UniqueIdentifier>
    </Filter>
    <Filter Include="Shaders\ShaderClasses">
      <UniqueIdentifier>{bc3c36b9-0709-49b0-811c-e9918dd18aeb}</UniqueIdentifier>
    </Filter>
    <Filter Include="Source Files\Core">
      <UniqueIdentifier>{8c225179-d7bb-4615-8df9-b973512e6940}</UniqueIdentifier>
    </Filter>
    <Filter Include="Source Files\Renderable Objects">
      <UniqueIdentifier>{b06d03e4-d749-4d91-9291-edc66a465744}</UniqueIdentifier>
    </Filter>
    <Filter Include="Header Files\Core">
      <UniqueIdentifier>{6f2af7ba-1aa3-430c-b102-dec1f4a7fa40}</UniqueIdentifier>
    </Filter>
    <Filter Include="Header Files\Renderable Objects">
      <UniqueIdentifier>{1fdc3f40-7bd5-4ddc-b0f1-6f579f2bc1b9}</UniqueIdentifier>
    </Filter>
  </ItemGroup>
  <ItemGroup>
    <ClCompile Include="main.cpp">
      <Filter>Source Files</Filter>
    </ClCompile>
    <ClCompile Include="MainApp.cpp">
      <Filter>Source Files</Filter>
    </ClCompile>
    <ClCompile Include="SponzaApp.cpp">
      <Filter>Source Files</Filter>
    </ClCompile>
    <ClCompile Include="TeapotApp.cpp">
      <Filter>Source Files</Filter>
    </ClCompile>
    <ClCompile Include="GBufferData.cpp">
      <Filter>Source Files</Filter>
    </ClCompile>
    <ClCompile Include="ParticleApp.cpp">
      <Filter>Source Files</Filter>
    </ClCompile>
    <ClCompile Include="CubemapShader.cpp">
      <Filter>Shaders\ShaderClasses</Filter>
    </ClCompile>
    <ClCompile Include="DeferredShader.cpp">
      <Filter>Shaders\ShaderClasses</Filter>
    </ClCompile>
    <ClCompile Include="ForwardShader.cpp">
      <Filter>Shaders\ShaderClasses</Filter>
    </ClCompile>
    <ClCompile Include="ParticleShader.cpp">
      <Filter>Shaders\ShaderClasses</Filter>
    </ClCompile>
    <ClCompile Include="PointSpriteShader.cpp">
      <Filter>Shaders\ShaderClasses</Filter>
    </ClCompile>
    <ClCompile Include="Camera.cpp">
      <Filter>Source Files\Core</Filter>
    </ClCompile>
    <ClCompile Include="Frustum.cpp">
      <Filter>Source Files\Core</Filter>
    </ClCompile>
    <ClCompile Include="Texture.cpp">
      <Filter>Source Files\Core</Filter>
    </ClCompile>
    <ClCompile Include="VertexArray.cpp">
      <Filter>Source Files\Core</Filter>
    </ClCompile>
    <ClCompile Include="StaticMesh.cpp">
      <Filter>Source Files\Renderable Objects</Filter>
    </ClCompile>
    <ClCompile Include="PointSprite.cpp">
      <Filter>Source Files\Renderable Objects</Filter>
    </ClCompile>
    <ClCompile Include="ParticleSystem.cpp">
      <Filter>Source Files\Renderable Objects</Filter>
    </ClCompile>
    <ClCompile Include="GroundPlane.cpp">
      <Filter>Source Files\Renderable Objects</Filter>
    </ClCompile>
    <ClCompile Include="DepthBuffer.cpp">
      <Filter>Source Files\Core</Filter>
    </ClCompile>
    <ClCompile Include="CubeMap.cpp">
      <Filter>Source Files\Renderable Objects</Filter>
    </ClCompile>
    <ClCompile Include="Shader.cpp">
      <Filter>Shaders</Filter>
    </ClCompile>
    <ClCompile Include="ComparisonApp.cpp">
      <Filter>Source Files</Filter>
    </ClCompile>
    <ClCompile Include="ComparisonShader.cpp">
      <Filter>Shaders\ShaderClasses</Filter>
    </ClCompile>
    <ClCompile Include="CookTorrance.cpp">
      <Filter>Shaders\ShaderClasses</Filter>
    </ClCompile>
    <ClCompile Include="ShadowShader.cpp">
      <Filter>Shaders\ShaderClasses</Filter>
    </ClCompile>
    <ClCompile Include="ShadowApp.cpp">
      <Filter>Source Files</Filter>
    </ClCompile>
    <ClCompile Include="DeferredApp.cpp">
      <Filter>Source Files</Filter>
    </ClCompile>
    <ClCompile Include="DeferredRenderer.cpp">
      <Filter>Source Files\Core</Filter>
    </ClCompile>
  </ItemGroup>
  <ItemGroup>
    <ClInclude Include="MainApp.h">
      <Filter>Header Files</Filter>
    </ClInclude>
    <ClInclude Include="SponzaApp.h">
      <Filter>Header Files</Filter>
    </ClInclude>
    <ClInclude Include="TeapotApp.h">
      <Filter>Header Files</Filter>
    </ClInclude>
    <ClInclude Include="GBufferData.h">
      <Filter>Header Files</Filter>
    </ClInclude>
    <ClInclude Include="Defines.h">
      <Filter>Header Files</Filter>
    </ClInclude>
    <ClInclude Include="ParticleApp.h">
      <Filter>Header Files</Filter>
    </ClInclude>
    <ClInclude Include="CubemapShader.h">
      <Filter>Shaders\ShaderClasses</Filter>
    </ClInclude>
    <ClInclude Include="DeferredShader.h">
      <Filter>Shaders\ShaderClasses</Filter>
    </ClInclude>
    <ClInclude Include="ForwardShader.h">
      <Filter>Shaders\ShaderClasses</Filter>
    </ClInclude>
    <ClInclude Include="ParticleShader.h">
      <Filter>Shaders\ShaderClasses</Filter>
    </ClInclude>
    <ClInclude Include="Shader.h">
      <Filter>Shaders\ShaderClasses</Filter>
    </ClInclude>
    <ClInclude Include="PointSpriteShader.h">
      <Filter>Shaders\ShaderClasses</Filter>
    </ClInclude>
    <ClInclude Include="BoundingBox.h">
      <Filter>Header Files\Core</Filter>
    </ClInclude>
    <ClInclude Include="Camera.h">
      <Filter>Header Files\Core</Filter>
    </ClInclude>
    <ClInclude Include="DepthBuffer.h">
      <Filter>Header Files\Core</Filter>
    </ClInclude>
    <ClInclude Include="Frustum.h">
      <Filter>Header Files\Core</Filter>
    </ClInclude>
    <ClInclude Include="Texture.h">
      <Filter>Header Files\Core</Filter>
    </ClInclude>
    <ClInclude Include="VertexArray.h">
      <Filter>Header Files\Core</Filter>
    </ClInclude>
    <ClInclude Include="VertexTypes.h">
      <Filter>Header Files\Core</Filter>
    </ClInclude>
    <ClInclude Include="StaticMesh.h">
      <Filter>Header Files\Renderable Objects</Filter>
    </ClInclude>
    <ClInclude Include="PointSprite.h">
      <Filter>Header Files\Renderable Objects</Filter>
    </ClInclude>
    <ClInclude Include="ParticleSystem.h">
      <Filter>Header Files\Renderable Objects</Filter>
    </ClInclude>
    <ClInclude Include="LightsAndMaterials.h">
      <Filter>Header Files\Core</Filter>
    </ClInclude>
    <ClInclude Include="CubeMap.h">
      <Filter>Header Files\Renderable Objects</Filter>
    </ClInclude>
    <ClInclude Include="GroundPlane.h">
      <Filter>Header Files\Renderable Objects</Filter>
    </ClInclude>
    <ClInclude Include="ComparisonApp.h">
      <Filter>Header Files</Filter>
    </ClInclude>
    <ClInclude Include="ComparisonShader.h">
      <Filter>Shaders\ShaderClasses</Filter>
    </ClInclude>
    <ClInclude Include="CookTorrance.h">
      <Filter>Shaders\ShaderClasses</Filter>
    </ClInclude>
    <ClInclude Include="ShadowApp.h">
      <Filter>Header Files</Filter>
    </ClInclude>
    <ClInclude Include="ShadowShader.h">
      <Filter>Shaders\ShaderClasses</Filter>
    </ClInclude>
    <ClInclude Include="DeferredApp.h">
      <Filter>Header Files</Filter>
    </ClInclude>
    <ClInclude Include="DeferredRenderer.h">
      <Filter>Header Files\Core</Filter>
    </ClInclude>
  </ItemGroup>
  <ItemGroup>
    <None Include="shaders\cubeMap.fp">
      <Filter>Shaders</Filter>
    </None>
    <None Include="shaders\cubeMap.vp">
      <Filter>Shaders</Filter>
    </None>
    <None Include="shaders\depth.fp">
      <Filter>Shaders</Filter>
    </None>
    <None Include="shaders\depth.vp">
      <Filter>Shaders</Filter>
    </None>
    <None Include="shaders\font.fp">
      <Filter>Shaders</Filter>
    </None>
    <None Include="shaders\font.vp">
      <Filter>Shaders</Filter>
    </None>
    <None Include="shaders\gBuffer.fp">
      <Filter>Shaders\DeferredShaders</Filter>
    </None>
    <None Include="shaders\gBuffer.vp">
      <Filter>Shaders\DeferredShaders</Filter>
    </None>
    <None Include="shaders\lightPass.fp">
      <Filter>Shaders\DeferredShaders</Filter>
    </None>
    <None Include="shaders\lightPass.vp">
      <Filter>Shaders\DeferredShaders</Filter>
    </None>
    <None Include="shaders\nullTechnique.fp">
      <Filter>Shaders\DeferredShaders</Filter>
    </None>
    <None Include="shaders\nullTechnique.vp">
      <Filter>Shaders\DeferredShaders</Filter>
    </None>
    <None Include="shaders\quadPass.fp">
      <Filter>Shaders\DeferredShaders</Filter>
    </None>
    <None Include="shaders\quadPass.vp">
      <Filter>Shaders\DeferredShaders</Filter>
    </None>
    <None Include="shaders\instancedLighting.fp">
      <Filter>Shaders\lightingShaders</Filter>
    </None>
    <None Include="shaders\instancedLighting.vp">
      <Filter>Shaders\lightingShaders</Filter>
    </None>
    <None Include="shaders\lighting.fp">
      <Filter>Shaders\lightingShaders</Filter>
    </None>
    <None Include="shaders\lighting.vp">
      <Filter>Shaders\lightingShaders</Filter>
    </None>
    <None Include="shaders\pointSprite.fp">
      <Filter>Shaders\particleShaders</Filter>
    </None>
    <None Include="shaders\pointSprite.gp">
      <Filter>Shaders\particleShaders</Filter>
    </None>
    <None Include="shaders\pointSprite.vp">
      <Filter>Shaders\particleShaders</Filter>
    </None>
    <None Include="shaders\particle.gp">
      <Filter>Shaders\particleShaders</Filter>
    </None>
    <None Include="shaders\particle.vp">
      <Filter>Shaders\particleShaders</Filter>
    </None>
    <None Include="particle.fp">
      <Filter>Shaders\particleShaders</Filter>
    </None>
    <None Include="shaders\comparison.fp">
      <Filter>Shaders</Filter>
    </None>
    <None Include="shaders\comparison.vp">
      <Filter>Shaders</Filter>
    </None>
    <None Include="shaders\cookTorrance.fp">
      <Filter>Shaders</Filter>
    </None>
    <None Include="shaders\cookTorrance.vp">
      <Filter>Shaders</Filter>
    </None>
    <None Include="shaders\shadow.fp">
      <Filter>Shaders</Filter>
    </None>
    <None Include="shaders\shadow.vp">
      <Filter>Shaders</Filter>
    </None>
    <None Include="shaders\lightingSponza.fp">
      <Filter>Shaders</Filter>
    </None>
    <None Include="shaders\lightingSponza.vp">
      <Filter>Shaders</Filter>
    </None>
  </ItemGroup>
</Project>